
Microsoft Visual Studio Solution File, Format Version 12.00
Project("{FAE04EC0-301F-11D3-BF4B-00C04F79EFBC}") = "Gargo.Extensions.ResxStringLocalizer.Generator", "src\Generator\Generator.csproj", "{CA4A442F-F843-4856-B85C-F07A1D289821}"
EndProject
Global
	GlobalSection(SolutionConfigurationPlatforms) = preSolution
		Debug|Any CPU = Debug|Any CPU
		Release|Any CPU = Release|Any CPU
	EndGlobalSection
	GlobalSection(ProjectConfigurationPlatforms) = postSolution
		{CA4A442F-F843-4856-B85C-F07A1D289821}.Debug|Any CPU.ActiveCfg = Debug|Any CPU
		{CA4A442F-F843-4856-B85C-F07A1D289821}.Release|Any CPU.ActiveCfg = Release|Any CPU
		{CA4A442F-F843-4856-B85C-F07A1D289821}.Debug|Any CPU.Build.0 = Debug|Any CPU
		{CA4A442F-F843-4856-B85C-F07A1D289821}.Release|Any CPU.Build.0 = Release|Any CPU
	EndGlobalSection
EndGlobal
